{
  "nodes": {
    "effectful-microlens": {
      "inputs": {
        "flake-parts": [
          "flake-parts"
        ],
        "nixpkgs": [
          "nixpkgs"
        ]
      },
      "locked": {
        "lastModified": 1749569631,
        "narHash": "sha256-LxYHHSmdznONMxPqRc/ZAoXnHyMR2MqXlzkVYd+a5R8=",
        "ref": "refs/heads/main",
        "rev": "0eaecd4ffb60244a462f82054b4ad2e4ba6ec261",
        "revCount": 6,
        "type": "git",
        "url": "https://codeberg.org/eownerdead/effectful-microlens"
      },
      "original": {
        "type": "git",
        "url": "https://codeberg.org/eownerdead/effectful-microlens"
      }
    },
    "flake-parts": {
      "inputs": {
        "nixpkgs-lib": "nixpkgs-lib"
      },
      "locked": {
        "lastModified": 1751413152,
        "narHash": "sha256-Tyw1RjYEsp5scoigs1384gIg6e0GoBVjms4aXFfRssQ=",
        "owner": "hercules-ci",
        "repo": "flake-parts",
        "rev": "77826244401ea9de6e3bac47c2db46005e1f30b5",
        "type": "github"
      },
      "original": {
        "owner": "hercules-ci",
        "repo": "flake-parts",
        "type": "github"
      }
    },
    "haskell-flake": {
      "locked": {
        "lastModified": 1755528312,
        "narHash": "sha256-lsEcVlgd6Xck+0pOmtEL93b138Tg8g6xTFg4fZ3YZ30=",
        "owner": "srid",
        "repo": "haskell-flake",
        "rev": "4bed0d0db1b5ae4e50cf4f1373fdf68d9c070517",
        "type": "github"
      },
      "original": {
        "owner": "srid",
        "repo": "haskell-flake",
        "type": "github"
      }
    },
    "haskell-flake_2": {
      "locked": {
        "lastModified": 1754858019,
        "narHash": "sha256-pqGKKV0o+ScnkqyTUVPaL6w9gjTiD1hgHPREeWEltFI=",
        "owner": "srid",
        "repo": "haskell-flake",
        "rev": "0ba5180c3eafe3e0585905b8cafb61e0bfaa1738",
        "type": "github"
      },
      "original": {
        "owner": "srid",
        "repo": "haskell-flake",
        "type": "github"
      }
    },
    "hs-bindgen": {
      "inputs": {
        "flake-parts": [
          "flake-parts"
        ],
        "haskell-flake": "haskell-flake_2",
        "nixpkgs": [
          "nixpkgs"
        ]
      },
      "locked": {
        "lastModified": 1755703978,
        "narHash": "sha256-/k0LjTgluxxCrGg6biUnWHqzwhY9gG4Tz32r3/zlxcY=",
        "owner": "eownerdead",
        "repo": "hs-bindgen",
        "rev": "d2e9595d7fef9eb3453337ee8c19c73be358595c",
        "type": "github"
      },
      "original": {
        "owner": "eownerdead",
        "ref": "llvm-c-raw",
        "repo": "hs-bindgen",
        "type": "github"
      }
    },
    "nixpkgs": {
      "locked": {
        "lastModified": 1751943650,
        "narHash": "sha256-7orTnNqkGGru8Je6Un6mq1T8YVVU/O5kyW4+f9C1mZQ=",
        "owner": "NixOS",
        "repo": "nixpkgs",
        "rev": "88983d4b665fb491861005137ce2b11a9f89f203",
        "type": "github"
      },
      "original": {
        "owner": "NixOS",
        "ref": "nixos-25.05",
        "repo": "nixpkgs",
        "type": "github"
      }
    },
    "nixpkgs-lib": {
      "locked": {
        "lastModified": 1751159883,
        "narHash": "sha256-urW/Ylk9FIfvXfliA1ywh75yszAbiTEVgpPeinFyVZo=",
        "owner": "nix-community",
        "repo": "nixpkgs.lib",
        "rev": "14a40a1d7fb9afa4739275ac642ed7301a9ba1ab",
        "type": "github"
      },
      "original": {
        "owner": "nix-community",
        "repo": "nixpkgs.lib",
        "type": "github"
      }
    },
    "root": {
      "inputs": {
        "effectful-microlens": "effectful-microlens",
        "flake-parts": "flake-parts",
        "haskell-flake": "haskell-flake",
        "hs-bindgen": "hs-bindgen",
        "nixpkgs": "nixpkgs"
      }
    }
  },
  "root": "root",
  "version": 7
}
